
Microsoft Visual Studio Solution File, Format Version 12.00
# Visual Studio Version 17
VisualStudioVersion = 17.4.33122.133
MinimumVisualStudioVersion = 10.0.40219.1
Project("{FAE04EC0-301F-11D3-BF4B-00C04F79EFBC}") = "MessageService.PL", "MessageService.PL\MessageService.PL.csproj", "{8ED960C5-CA29-4915-8607-D044475CAD2B}"
	ProjectSection(ProjectDependencies) = postProject
		{1C216447-3CC9-40BE-A506-A48575B93FAC} = {1C216447-3CC9-40BE-A506-A48575B93FAC}
	EndProjectSection
EndProject
Project("{FAE04EC0-301F-11D3-BF4B-00C04F79EFBC}") = "MessageService.BLL", "MessageService.BLL\MessageService.BLL.csproj", "{1C216447-3CC9-40BE-A506-A48575B93FAC}"
	ProjectSection(ProjectDependencies) = postProject
		{C25FEEF0-CD50-4FFD-89E1-818C9C7B4D5B} = {C25FEEF0-CD50-4FFD-89E1-818C9C7B4D5B}
	EndProjectSection
EndProject
Project("{FAE04EC0-301F-11D3-BF4B-00C04F79EFBC}") = "MessageService.DAL", "MessageService.DAL\MessageService.DAL.csproj", "{C25FEEF0-CD50-4FFD-89E1-818C9C7B4D5B}"
EndProject
Global
	GlobalSection(SolutionConfigurationPlatforms) = preSolution
		Debug|Any CPU = Debug|Any CPU
		Release|Any CPU = Release|Any CPU
	EndGlobalSection
	GlobalSection(ProjectConfigurationPlatforms) = postSolution
		{8ED960C5-CA29-4915-8607-D044475CAD2B}.Debug|Any CPU.ActiveCfg = Debug|Any CPU
		{8ED960C5-CA29-4915-8607-D044475CAD2B}.Debug|Any CPU.Build.0 = Debug|Any CPU
		{8ED960C5-CA29-4915-8607-D044475CAD2B}.Release|Any CPU.ActiveCfg = Release|Any CPU
		{8ED960C5-CA29-4915-8607-D044475CAD2B}.Release|Any CPU.Build.0 = Release|Any CPU
		{1C216447-3CC9-40BE-A506-A48575B93FAC}.Debug|Any CPU.ActiveCfg = Debug|Any CPU
		{1C216447-3CC9-40BE-A506-A48575B93FAC}.Debug|Any CPU.Build.0 = Debug|Any CPU
		{1C216447-3CC9-40BE-A506-A48575B93FAC}.Release|Any CPU.ActiveCfg = Release|Any CPU
		{1C216447-3CC9-40BE-A506-A48575B93FAC}.Release|Any CPU.Build.0 = Release|Any CPU
		{C25FEEF0-CD50-4FFD-89E1-818C9C7B4D5B}.Debug|Any CPU.ActiveCfg = Debug|Any CPU
		{C25FEEF0-CD50-4FFD-89E1-818C9C7B4D5B}.Debug|Any CPU.Build.0 = Debug|Any CPU
		{C25FEEF0-CD50-4FFD-89E1-818C9C7B4D5B}.Release|Any CPU.ActiveCfg = Release|Any CPU
		{C25FEEF0-CD50-4FFD-89E1-818C9C7B4D5B}.Release|Any CPU.Build.0 = Release|Any CPU
	EndGlobalSection
	GlobalSection(SolutionProperties) = preSolution
		HideSolutionNode = FALSE
	EndGlobalSection
	GlobalSection(ExtensibilityGlobals) = postSolution
		SolutionGuid = {1F0CB2BE-B955-4C3F-A0B0-F0A85ED1581F}
	EndGlobalSection
EndGlobal
